{
  "name": "xml2sql",
  "version": "0.0.1",
  "lockfileVersion": 1,
  "requires": true,
  "dependencies": {
    "elementtree": {
      "version": "0.1.7",
      "resolved": "http://registry.npm.taobao.org/elementtree/download/elementtree-0.1.7.tgz",
      "integrity": "sha1-mskb5uUvtuYkTE5UpKw+2K6OKcA=",
      "requires": {
        "sax": "1.1.4"
      }
    },
    "sax": {
      "version": "1.1.4",
      "resolved": "http://registry.npm.taobao.org/sax/download/sax-1.1.4.tgz",
      "integrity": "sha1-dLbTPJrh4AFRDxeakRaFiPGu2qk="
    }
  }
}
